
Microsoft Visual Studio Solution File, Format Version 12.00
# Visual Studio Version 16
VisualStudioVersion = 16.0.31911.196
MinimumVisualStudioVersion = 10.0.40219.1
Project("{FAE04EC0-301F-11D3-BF4B-00C04F79EFBC}") = "RPCDemo", "RPCDemo.csproj", "{607AF679-D364-4EB1-A7CD-1CC35988486D}"
EndProject
Global
	GlobalSection(SolutionConfigurationPlatforms) = preSolution
		Debug|Any CPU = Debug|Any CPU
		Release|Any CPU = Release|Any CPU
	EndGlobalSection
	GlobalSection(ProjectConfigurationPlatforms) = postSolution
		{607AF679-D364-4EB1-A7CD-1CC35988486D}.Debug|Any CPU.ActiveCfg = Debug|Any CPU
		{607AF679-D364-4EB1-A7CD-1CC35988486D}.Debug|Any CPU.Build.0 = Debug|Any CPU
		{607AF679-D364-4EB1-A7CD-1CC35988486D}.Release|Any CPU.ActiveCfg = Release|Any CPU
		{607AF679-D364-4EB1-A7CD-1CC35988486D}.Release|Any CPU.Build.0 = Release|Any CPU
	EndGlobalSection
	GlobalSection(SolutionProperties) = preSolution
		HideSolutionNode = FALSE
	EndGlobalSection
	GlobalSection(ExtensibilityGlobals) = postSolution
		SolutionGuid = {11CFDFFD-9A78-4B0D-A2B2-B8DDB85BA6B2}
	EndGlobalSection
EndGlobal
