
Microsoft Visual Studio Solution File, Format Version 12.00
# Visual Studio Version 16
VisualStudioVersion = 16.0.31911.196
MinimumVisualStudioVersion = 10.0.40219.1
Project("{AAF07452-ECCE-4884-8C1C-Ec7dA5AEB1Ef}") = "MultipartDemo", "MultipartDemo.csproj", "{7E827881-74DF-4C64-9606-069740189954}"
EndProject
Global
	GlobalSection(SolutionConfigurationPlatforms) = preSolution
		Debug|Any CPU = Debug|Any CPU
		Release|Any CPU = Release|Any CPU
	EndGlobalSection
	GlobalSection(ProjectConfigurationPlatforms) = postSolution
		{7E827881-74DF-4C64-9606-069740189954}.Debug|Any CPU.ActiveCfg = Debug|Any CPU
		{7E827881-74DF-4C64-9606-069740189954}.Debug|Any CPU.Build.0 = Debug|Any CPU
		{7E827881-74DF-4C64-9606-069740189954}.Release|Any CPU.ActiveCfg = Release|Any CPU
		{7E827881-74DF-4C64-9606-069740189954}.Release|Any CPU.Build.0 = Release|Any CPU
	EndGlobalSection
	GlobalSection(SolutionProperties) = preSolution
		HideSolutionNode = FALSE
	EndGlobalSection
	GlobalSection(ExtensibilityGlobals) = postSolution
		SolutionGuid = {23D1ACA5-C0E0-419E-BBE1-8D9B5DF10006}
	EndGlobalSection
EndGlobal
